
Microsoft Visual Studio Solution File, Format Version 12.00
# Visual Studio 15
VisualStudioVersion = 15.0.34320.172
MinimumVisualStudioVersion = 10.0.40219.1
Project("{FAE04EC0-301F-11D3-BF4B-00C04F79EFBC}") = "WindowsFormsApp1", "WindowsFormsApp1\WindowsFormsApp1.csproj", "{CE450055-F0E3-4882-A0B7-57FB623CD0F4}"
EndProject
Global
	GlobalSection(SolutionConfigurationPlatforms) = preSolution
		Debug|Any CPU = Debug|Any CPU
		Release|Any CPU = Release|Any CPU
	EndGlobalSection
	GlobalSection(ProjectConfigurationPlatforms) = postSolution
		{CE450055-F0E3-4882-A0B7-57FB623CD0F4}.Debug|Any CPU.ActiveCfg = Debug|Any CPU
		{CE450055-F0E3-4882-A0B7-57FB623CD0F4}.Debug|Any CPU.Build.0 = Debug|Any CPU
		{CE450055-F0E3-4882-A0B7-57FB623CD0F4}.Release|Any CPU.ActiveCfg = Release|Any CPU
		{CE450055-F0E3-4882-A0B7-57FB623CD0F4}.Release|Any CPU.Build.0 = Release|Any CPU
	EndGlobalSection
	GlobalSection(SolutionProperties) = preSolution
		HideSolutionNode = FALSE
	EndGlobalSection
	GlobalSection(ExtensibilityGlobals) = postSolution
		SolutionGuid = {517C8684-CEF0-4FA0-91E9-C6E55D003B1B}
	EndGlobalSection
EndGlobal
